
Microsoft Visual Studio Solution File, Format Version 12.00
# Visual Studio Version 17
VisualStudioVersion = 17.6.33717.318
MinimumVisualStudioVersion = 10.0.40219.1
Project("{FAE04EC0-301F-11D3-BF4B-00C04F79EFBC}") = "pract12_v3_Соколов_ПР-23", "pract12_v3_Соколов_ПР-23.csproj", "{DA7DF3DD-271A-4D45-B8D7-B1AF257B0CD0}"
EndProject
Global
	GlobalSection(SolutionConfigurationPlatforms) = preSolution
		Debug|Any CPU = Debug|Any CPU
		Release|Any CPU = Release|Any CPU
	EndGlobalSection
	GlobalSection(ProjectConfigurationPlatforms) = postSolution
		{DA7DF3DD-271A-4D45-B8D7-B1AF257B0CD0}.Debug|Any CPU.ActiveCfg = Debug|Any CPU
		{DA7DF3DD-271A-4D45-B8D7-B1AF257B0CD0}.Debug|Any CPU.Build.0 = Debug|Any CPU
		{DA7DF3DD-271A-4D45-B8D7-B1AF257B0CD0}.Release|Any CPU.ActiveCfg = Release|Any CPU
		{DA7DF3DD-271A-4D45-B8D7-B1AF257B0CD0}.Release|Any CPU.Build.0 = Release|Any CPU
	EndGlobalSection
	GlobalSection(SolutionProperties) = preSolution
		HideSolutionNode = FALSE
	EndGlobalSection
	GlobalSection(ExtensibilityGlobals) = postSolution
		SolutionGuid = {8847391D-3CDD-4608-92C3-EA1D7169B350}
	EndGlobalSection
EndGlobal
